
Microsoft Visual Studio Solution File, Format Version 12.00
# Visual Studio Version 16
VisualStudioVersion = 16.0.29519.181
MinimumVisualStudioVersion = 10.0.40219.1
Project("{9A19103F-16F7-4668-BE54-9A1E7A4F7556}") = "DradonBotSharp", "DradonBotSharp\DradonBotSharp.csproj", "{3B5C3DBE-C311-41DC-BC93-7F2E72395342}"
EndProject
Project("{FAE04EC0-301F-11D3-BF4B-00C04F79EFBC}") = "HypixelSharp", "HypixelSharp\HypixelSharp.csproj", "{0A5C6DDF-D4E9-4B23-ADA5-9BEE9780B6C9}"
EndProject
Global
	GlobalSection(SolutionConfigurationPlatforms) = preSolution
		Debug|Any CPU = Debug|Any CPU
		Release|Any CPU = Release|Any CPU
	EndGlobalSection
	GlobalSection(ProjectConfigurationPlatforms) = postSolution
		{3B5C3DBE-C311-41DC-BC93-7F2E72395342}.Debug|Any CPU.ActiveCfg = Debug|Any CPU
		{3B5C3DBE-C311-41DC-BC93-7F2E72395342}.Debug|Any CPU.Build.0 = Debug|Any CPU
		{3B5C3DBE-C311-41DC-BC93-7F2E72395342}.Release|Any CPU.ActiveCfg = Release|Any CPU
		{3B5C3DBE-C311-41DC-BC93-7F2E72395342}.Release|Any CPU.Build.0 = Release|Any CPU
		{0A5C6DDF-D4E9-4B23-ADA5-9BEE9780B6C9}.Debug|Any CPU.ActiveCfg = Debug|Any CPU
		{0A5C6DDF-D4E9-4B23-ADA5-9BEE9780B6C9}.Debug|Any CPU.Build.0 = Debug|Any CPU
		{0A5C6DDF-D4E9-4B23-ADA5-9BEE9780B6C9}.Release|Any CPU.ActiveCfg = Release|Any CPU
		{0A5C6DDF-D4E9-4B23-ADA5-9BEE9780B6C9}.Release|Any CPU.Build.0 = Release|Any CPU
	EndGlobalSection
	GlobalSection(SolutionProperties) = preSolution
		HideSolutionNode = FALSE
	EndGlobalSection
	GlobalSection(ExtensibilityGlobals) = postSolution
		SolutionGuid = {14233DAD-3656-4AEF-945E-93B5D8E784E1}
	EndGlobalSection
EndGlobal
